
Microsoft Visual Studio Solution File, Format Version 12.00
# Visual Studio Version 16
VisualStudioVersion = 16.0.28803.352
MinimumVisualStudioVersion = 10.0.40219.1
Project("{FAE04EC0-301F-11D3-BF4B-00C04F79EFBC}") = "Auto", "Auto\Auto.csproj", "{F45A1B07-481F-4546-BA7D-D670572F6CF9}"
EndProject
Global
	GlobalSection(SolutionConfigurationPlatforms) = preSolution
		Debug|Any CPU = Debug|Any CPU
		Release|Any CPU = Release|Any CPU
	EndGlobalSection
	GlobalSection(ProjectConfigurationPlatforms) = postSolution
		{F45A1B07-481F-4546-BA7D-D670572F6CF9}.Debug|Any CPU.ActiveCfg = Debug|Any CPU
		{F45A1B07-481F-4546-BA7D-D670572F6CF9}.Debug|Any CPU.Build.0 = Debug|Any CPU
		{F45A1B07-481F-4546-BA7D-D670572F6CF9}.Release|Any CPU.ActiveCfg = Release|Any CPU
		{F45A1B07-481F-4546-BA7D-D670572F6CF9}.Release|Any CPU.Build.0 = Release|Any CPU
	EndGlobalSection
	GlobalSection(SolutionProperties) = preSolution
		HideSolutionNode = FALSE
	EndGlobalSection
	GlobalSection(ExtensibilityGlobals) = postSolution
		SolutionGuid = {512A9465-7DB5-45AC-AF80-C9E35CC1DAE1}
	EndGlobalSection
EndGlobal
